{
    "name": "@ffprobe-binary/ffprobe",
    "version": "1.0.0",
    "lockfileVersion": 2,
    "requires": true,
    "packages": {
        "": {
            "name": "@ffprobe-binary/ffprobe",
            "version": "1.0.0",
            "license": "MIT",
            "devDependencies": {
                "@types/node": "^20.4.0",
                "typescript": "^5.1.6"
            },
            "engines": {
                "node": ">=16"
            },
            "optionalDependencies": {
                "@ffprobe-binary/darwin-arm64": "^6.0.0",
                "@ffprobe-binary/darwin-x64": "^6.0.0",
                "@ffprobe-binary/linux-arm": "^6.0.0",
                "@ffprobe-binary/linux-arm64": "^6.0.0",
                "@ffprobe-binary/linux-ia32": "^6.0.0",
                "@ffprobe-binary/linux-x64": "^6.0.0",
                "@ffprobe-binary/win32-ia32": "^6.0.0",
                "@ffprobe-binary/win32-x64": "^6.0.0"
            }
        },
        "node_modules/@ffprobe-binary/darwin-arm64": {
            "version": "6.0.0",
            "resolved": "https://registry.npmjs.org/@ffprobe-binary/darwin-arm64/-/darwin-arm64-6.0.0.tgz",
            "integrity": "sha512-RGizDJr1Q8NkZX1E//8lXLmwmTC7fWiSzJMPdakvNdrTSfUlVRPBdC3j2Tn2Ca+L9jwvQOpEzNm2fs6LNP/vPQ==",
            "cpu": [
                "arm64"
            ],
            "optional": true,
            "os": [
                "darwin"
            ]
        },
        "node_modules/@ffprobe-binary/darwin-x64": {
            "version": "6.0.0",
            "resolved": "https://registry.npmjs.org/@ffprobe-binary/darwin-x64/-/darwin-x64-6.0.0.tgz",
            "integrity": "sha512-w934b+cteYgFqiDPXIJdJYxKx/PmtpAx3vPFWBsuuFZt8lNmLmtRsUh6M1IZ638klqXAUzWxRo4NKGNYB6N0Sw==",
            "cpu": [
                "x64"
            ],
            "optional": true,
            "os": [
                "darwin"
            ]
        },
        "node_modules/@ffprobe-binary/linux-arm": {
            "version": "6.0.0",
            "resolved": "https://registry.npmjs.org/@ffprobe-binary/linux-arm/-/linux-arm-6.0.0.tgz",
            "integrity": "sha512-Q+wEJwnnPN3uzI71whI2NpuaDm9dKGmj9Bh9m3jO/XJM1IfKZj7xExpoCNuFgFZowplysvkX6CyGxaanQYDuTg==",
            "cpu": [
                "arm"
            ],
            "optional": true,
            "os": [
                "linux"
            ]
        },
        "node_modules/@ffprobe-binary/linux-arm64": {
            "version": "6.0.0",
            "resolved": "https://registry.npmjs.org/@ffprobe-binary/linux-arm64/-/linux-arm64-6.0.0.tgz",
            "integrity": "sha512-Sz7HENwUSgFqSjbR2+0vUmC5zOGlzDIylwI3LfihCIeQiUzScR7FXpxFBedf+es/VJPD+U0X5y5FS1GMyhmiLw==",
            "cpu": [
                "arm64"
            ],
            "optional": true,
            "os": [
                "linux"
            ]
        },
        "node_modules/@ffprobe-binary/linux-ia32": {
            "version": "6.0.0",
            "resolved": "https://registry.npmjs.org/@ffprobe-binary/linux-ia32/-/linux-ia32-6.0.0.tgz",
            "integrity": "sha512-wljH0y5rTVp8r/Rjxo5rieC6KCPvVB3fXxWhzvuefgacE/A1tHTL/NTriThjtjxfrgHWZq+gtyjq8KTlpiYK4g==",
            "cpu": [
                "ia32"
            ],
            "optional": true,
            "os": [
                "linux"
            ]
        },
        "node_modules/@ffprobe-binary/linux-x64": {
            "version": "6.0.0",
            "resolved": "https://registry.npmjs.org/@ffprobe-binary/linux-x64/-/linux-x64-6.0.0.tgz",
            "integrity": "sha512-Edv1YCMvwvJOzDMtRgz2HxkVUU/i+NWAR5UUU2mEne33qjs2r1lCOV07G4tOXbbSY2z16yGceP1Y84m8refv6A==",
            "cpu": [
                "x64"
            ],
            "optional": true,
            "os": [
                "linux"
            ]
        },
        "node_modules/@ffprobe-binary/win32-ia32": {
            "version": "6.0.0",
            "resolved": "https://registry.npmjs.org/@ffprobe-binary/win32-ia32/-/win32-ia32-6.0.0.tgz",
            "integrity": "sha512-dvZSf5S+S+nfGJoo+1niquYSLJm8gT3j53ivZRsJR6QB02unlqqThtKyMHezARPLZFTxv2BrOWj6P7S4W5WcUw==",
            "cpu": [
                "ia32"
            ],
            "optional": true,
            "os": [
                "win32"
            ]
        },
        "node_modules/@ffprobe-binary/win32-x64": {
            "version": "6.0.0",
            "resolved": "https://registry.npmjs.org/@ffprobe-binary/win32-x64/-/win32-x64-6.0.0.tgz",
            "integrity": "sha512-LddjtFYggDOFAzsKJ7oGVSCQZILJKoqPuQtZzVsxUMBuhC2LKRTuDE/fF+trahunGJGCXKjS4w8rmP15NNelAA==",
            "cpu": [
                "x64"
            ],
            "optional": true,
            "os": [
                "win32"
            ]
        },
        "node_modules/@types/node": {
            "version": "20.4.1",
            "resolved": "https://registry.npmjs.org/@types/node/-/node-20.4.1.tgz",
            "integrity": "sha512-JIzsAvJeA/5iY6Y/OxZbv1lUcc8dNSE77lb2gnBH+/PJ3lFR1Ccvgwl5JWnHAkNHcRsT0TbpVOsiMKZ1F/yyJg==",
            "dev": true
        },
        "node_modules/typescript": {
            "version": "5.1.6",
            "resolved": "https://registry.npmjs.org/typescript/-/typescript-5.1.6.tgz",
            "integrity": "sha512-zaWCozRZ6DLEWAWFrVDz1H6FVXzUSfTy5FUMWsQlU8Ym5JP9eO4xkTIROFCQvhQf61z6O/G6ugw3SgAnvvm+HA==",
            "dev": true,
            "bin": {
                "tsc": "bin/tsc",
                "tsserver": "bin/tsserver"
            },
            "engines": {
                "node": ">=14.17"
            }
        }
    },
    "dependencies": {
        "@ffprobe-binary/darwin-arm64": {
            "version": "6.0.0",
            "resolved": "https://registry.npmjs.org/@ffprobe-binary/darwin-arm64/-/darwin-arm64-6.0.0.tgz",
            "integrity": "sha512-RGizDJr1Q8NkZX1E//8lXLmwmTC7fWiSzJMPdakvNdrTSfUlVRPBdC3j2Tn2Ca+L9jwvQOpEzNm2fs6LNP/vPQ==",
            "optional": true
        },
        "@ffprobe-binary/darwin-x64": {
            "version": "6.0.0",
            "resolved": "https://registry.npmjs.org/@ffprobe-binary/darwin-x64/-/darwin-x64-6.0.0.tgz",
            "integrity": "sha512-w934b+cteYgFqiDPXIJdJYxKx/PmtpAx3vPFWBsuuFZt8lNmLmtRsUh6M1IZ638klqXAUzWxRo4NKGNYB6N0Sw==",
            "optional": true
        },
        "@ffprobe-binary/linux-arm": {
            "version": "6.0.0",
            "resolved": "https://registry.npmjs.org/@ffprobe-binary/linux-arm/-/linux-arm-6.0.0.tgz",
            "integrity": "sha512-Q+wEJwnnPN3uzI71whI2NpuaDm9dKGmj9Bh9m3jO/XJM1IfKZj7xExpoCNuFgFZowplysvkX6CyGxaanQYDuTg==",
            "optional": true
        },
        "@ffprobe-binary/linux-arm64": {
            "version": "6.0.0",
            "resolved": "https://registry.npmjs.org/@ffprobe-binary/linux-arm64/-/linux-arm64-6.0.0.tgz",
            "integrity": "sha512-Sz7HENwUSgFqSjbR2+0vUmC5zOGlzDIylwI3LfihCIeQiUzScR7FXpxFBedf+es/VJPD+U0X5y5FS1GMyhmiLw==",
            "optional": true
        },
        "@ffprobe-binary/linux-ia32": {
            "version": "6.0.0",
            "resolved": "https://registry.npmjs.org/@ffprobe-binary/linux-ia32/-/linux-ia32-6.0.0.tgz",
            "integrity": "sha512-wljH0y5rTVp8r/Rjxo5rieC6KCPvVB3fXxWhzvuefgacE/A1tHTL/NTriThjtjxfrgHWZq+gtyjq8KTlpiYK4g==",
            "optional": true
        },
        "@ffprobe-binary/linux-x64": {
            "version": "6.0.0",
            "resolved": "https://registry.npmjs.org/@ffprobe-binary/linux-x64/-/linux-x64-6.0.0.tgz",
            "integrity": "sha512-Edv1YCMvwvJOzDMtRgz2HxkVUU/i+NWAR5UUU2mEne33qjs2r1lCOV07G4tOXbbSY2z16yGceP1Y84m8refv6A==",
            "optional": true
        },
        "@ffprobe-binary/win32-ia32": {
            "version": "6.0.0",
            "resolved": "https://registry.npmjs.org/@ffprobe-binary/win32-ia32/-/win32-ia32-6.0.0.tgz",
            "integrity": "sha512-dvZSf5S+S+nfGJoo+1niquYSLJm8gT3j53ivZRsJR6QB02unlqqThtKyMHezARPLZFTxv2BrOWj6P7S4W5WcUw==",
            "optional": true
        },
        "@ffprobe-binary/win32-x64": {
            "version": "6.0.0",
            "resolved": "https://registry.npmjs.org/@ffprobe-binary/win32-x64/-/win32-x64-6.0.0.tgz",
            "integrity": "sha512-LddjtFYggDOFAzsKJ7oGVSCQZILJKoqPuQtZzVsxUMBuhC2LKRTuDE/fF+trahunGJGCXKjS4w8rmP15NNelAA==",
            "optional": true
        },
        "@types/node": {
            "version": "20.4.1",
            "resolved": "https://registry.npmjs.org/@types/node/-/node-20.4.1.tgz",
            "integrity": "sha512-JIzsAvJeA/5iY6Y/OxZbv1lUcc8dNSE77lb2gnBH+/PJ3lFR1Ccvgwl5JWnHAkNHcRsT0TbpVOsiMKZ1F/yyJg==",
            "dev": true
        },
        "typescript": {
            "version": "5.1.6",
            "resolved": "https://registry.npmjs.org/typescript/-/typescript-5.1.6.tgz",
            "integrity": "sha512-zaWCozRZ6DLEWAWFrVDz1H6FVXzUSfTy5FUMWsQlU8Ym5JP9eO4xkTIROFCQvhQf61z6O/G6ugw3SgAnvvm+HA==",
            "dev": true
        }
    }
}
